{
  "name": "zorth",
  "lockfileVersion": 3,
  "requires": true,
  "packages": {
    "": {
      "devDependencies": {
        "xterm-pty": "^0.11.1"
      }
    },
    "node_modules/@xterm/xterm": {
      "version": "5.5.0",
      "resolved": "https://registry.npmjs.org/@xterm/xterm/-/xterm-5.5.0.tgz",
      "integrity": "sha512-hqJHYaQb5OptNunnyAnkHyM8aCjZ1MEIDTQu1iIbbTD/xops91NB5yq1ZK/dC2JDbVWtF23zUtl9JE2NqwT87A==",
      "dev": true,
      "license": "MIT"
    },
    "node_modules/xterm-pty": {
      "version": "0.11.1",
      "resolved": "https://registry.npmjs.org/xterm-pty/-/xterm-pty-0.11.1.tgz",
      "integrity": "sha512-vQISyzSgO+Cud8lOOFNbHI37s0AG/Mpsf2HmILgGHvsJI7hzq2qfEoLWD+fpNkJbICJ9yMoIdZ7u3czDtZQKWg==",
      "dev": true,
      "license": "MIT",
      "dependencies": {
        "@xterm/xterm": "^5.5.0"
      }
    }
  }
}
